
Microsoft Visual Studio Solution File, Format Version 12.00
# Visual Studio Version 16
VisualStudioVersion = 16.0.31112.23
MinimumVisualStudioVersion = 10.0.40219.1
Project("{FAE04EC0-301F-11D3-BF4B-00C04F79EFBC}") = "Tedd.ShortUrl", "Tedd.ShortUrl\Tedd.ShortUrl.csproj", "{C18FAD98-FFF4-4B11-843E-C8257624C17A}"
EndProject
Global
	GlobalSection(SolutionConfigurationPlatforms) = preSolution
		Debug|Any CPU = Debug|Any CPU
		Release|Any CPU = Release|Any CPU
	EndGlobalSection
	GlobalSection(ProjectConfigurationPlatforms) = postSolution
		{C18FAD98-FFF4-4B11-843E-C8257624C17A}.Debug|Any CPU.ActiveCfg = Debug|Any CPU
		{C18FAD98-FFF4-4B11-843E-C8257624C17A}.Debug|Any CPU.Build.0 = Debug|Any CPU
		{C18FAD98-FFF4-4B11-843E-C8257624C17A}.Release|Any CPU.ActiveCfg = Release|Any CPU
		{C18FAD98-FFF4-4B11-843E-C8257624C17A}.Release|Any CPU.Build.0 = Release|Any CPU
	EndGlobalSection
	GlobalSection(SolutionProperties) = preSolution
		HideSolutionNode = FALSE
	EndGlobalSection
	GlobalSection(ExtensibilityGlobals) = postSolution
		SolutionGuid = {67F11955-7AA6-451E-9DA2-C34F32D71442}
	EndGlobalSection
EndGlobal
